
Microsoft Visual Studio Solution File, Format Version 12.00
# Visual Studio Version 17
VisualStudioVersion = 17.5.002.0
MinimumVisualStudioVersion = 10.0.40219.1
Project("{9A19103F-16F7-4668-BE54-9A1E7A4F7556}") = "docker-credential-acr", "dotnet\docker-credential-acr.csproj", "{823324CE-710D-4DAD-BAF2-71D668AAE1E5}"
EndProject
Global
	GlobalSection(SolutionConfigurationPlatforms) = preSolution
		Debug|Any CPU = Debug|Any CPU
		Release|Any CPU = Release|Any CPU
	EndGlobalSection
	GlobalSection(ProjectConfigurationPlatforms) = postSolution
		{823324CE-710D-4DAD-BAF2-71D668AAE1E5}.Debug|Any CPU.ActiveCfg = Debug|Any CPU
		{823324CE-710D-4DAD-BAF2-71D668AAE1E5}.Debug|Any CPU.Build.0 = Debug|Any CPU
		{823324CE-710D-4DAD-BAF2-71D668AAE1E5}.Release|Any CPU.ActiveCfg = Release|Any CPU
		{823324CE-710D-4DAD-BAF2-71D668AAE1E5}.Release|Any CPU.Build.0 = Release|Any CPU
	EndGlobalSection
	GlobalSection(SolutionProperties) = preSolution
		HideSolutionNode = FALSE
	EndGlobalSection
	GlobalSection(ExtensibilityGlobals) = postSolution
		SolutionGuid = {DD142514-6962-4174-8A7E-68CDE6569E74}
	EndGlobalSection
EndGlobal
